
Microsoft Visual Studio Solution File, Format Version 12.00
# Visual Studio Version 17
VisualStudioVersion = 17.5.33414.496
MinimumVisualStudioVersion = 10.0.40219.1
Project("{FAE04EC0-301F-11D3-BF4B-00C04F79EFBC}") = "Teste", "Teste\Teste.csproj", "{FBB5341C-1CE7-49F0-8348-FC519C268905}"
EndProject
Global
	GlobalSection(SolutionConfigurationPlatforms) = preSolution
		Debug|Any CPU = Debug|Any CPU
		Release|Any CPU = Release|Any CPU
	EndGlobalSection
	GlobalSection(ProjectConfigurationPlatforms) = postSolution
		{FBB5341C-1CE7-49F0-8348-FC519C268905}.Debug|Any CPU.ActiveCfg = Debug|Any CPU
		{FBB5341C-1CE7-49F0-8348-FC519C268905}.Debug|Any CPU.Build.0 = Debug|Any CPU
		{FBB5341C-1CE7-49F0-8348-FC519C268905}.Release|Any CPU.ActiveCfg = Release|Any CPU
		{FBB5341C-1CE7-49F0-8348-FC519C268905}.Release|Any CPU.Build.0 = Release|Any CPU
	EndGlobalSection
	GlobalSection(SolutionProperties) = preSolution
		HideSolutionNode = FALSE
	EndGlobalSection
	GlobalSection(ExtensibilityGlobals) = postSolution
		SolutionGuid = {DFC6CE3D-9DD1-4F9A-9F5A-F789B23C4987}
	EndGlobalSection
EndGlobal
